// !$*UTF8*$!
{
	archiveVersion = 1;
	classes = {
	};
	objectVersion = 46;
	objects = {

/* Begin PBXBuildFile section */
		740324F81D395DFC00AE0280 /* DisplayCategory.swift in Sources */ = {isa = PBXBuildFile; fileRef = 740324F71D395DFC00AE0280 /* DisplayCategory.swift */; };
		740324FB1D399FAF00AE0280 /* CategoriesTableViewCell.swift in Sources */ = {isa = PBXBuildFile; fileRef = 740324FA1D399FAF00AE0280 /* CategoriesTableViewCell.swift */; };
		7412B6621D5557B7006A4E93 /* beenHerePlaceHolderImage.jpg in Resources */ = {isa = PBXBuildFile; fileRef = 7412B6601D5557B7006A4E93 /* beenHerePlaceHolderImage.jpg */; };
		7412B6631D5557B7006A4E93 /* wantToGoPlaceholderImage.jpg in Resources */ = {isa = PBXBuildFile; fileRef = 7412B6611D5557B7006A4E93 /* wantToGoPlaceholderImage.jpg */; };
		744C90B81D384104009B6922 /* Podfile in Resources */ = {isa = PBXBuildFile; fileRef = 744C90B71D384104009B6922 /* Podfile */; };
		746B08D01D37F2180056103F /* AppDelegate.swift in Sources */ = {isa = PBXBuildFile; fileRef = 746B08CF1D37F2180056103F /* AppDelegate.swift */; };
		746B08D51D37F2180056103F /* Main.storyboard in Resources */ = {isa = PBXBuildFile; fileRef = 746B08D31D37F2180056103F /* Main.storyboard */; };
		746B08D71D37F2180056103F /* Assets.xcassets in Resources */ = {isa = PBXBuildFile; fileRef = 746B08D61D37F2180056103F /* Assets.xcassets */; };
		746B08DA1D37F2180056103F /* LaunchScreen.storyboard in Resources */ = {isa = PBXBuildFile; fileRef = 746B08D81D37F2180056103F /* LaunchScreen.storyboard */; };
		746B08E71D37F4B30056103F /* Earth.png in Resources */ = {isa = PBXBuildFile; fileRef = 746B08E11D37F4B30056103F /* Earth.png */; };
		746B08E81D37F4B30056103F /* Earth@2x.png in Resources */ = {isa = PBXBuildFile; fileRef = 746B08E21D37F4B30056103F /* Earth@2x.png */; };
		746B08E91D37F4B30056103F /* Earth@3x.png in Resources */ = {isa = PBXBuildFile; fileRef = 746B08E31D37F4B30056103F /* Earth@3x.png */; };
		746B08EF1D37F8290056103F /* ListOfCategoriesViewController.swift in Sources */ = {isa = PBXBuildFile; fileRef = 746B08EE1D37F8290056103F /* ListOfCategoriesViewController.swift */; };
		747DE8AB1D38393300DAB531 /* ProfilePageViewController.swift in Sources */ = {isa = PBXBuildFile; fileRef = 747DE8AA1D38393300DAB531 /* ProfilePageViewController.swift */; };
		749437251D4C108B0050D52F /* UserBeenHereViewController.swift in Sources */ = {isa = PBXBuildFile; fileRef = 749437241D4C108B0050D52F /* UserBeenHereViewController.swift */; };
		749437271D4C109F0050D52F /* UserWantToGoViewController.swift in Sources */ = {isa = PBXBuildFile; fileRef = 749437261D4C109F0050D52F /* UserWantToGoViewController.swift */; };
		7494372D1D4FCFF30050D52F /* UserBeenHereTableViewCell.swift in Sources */ = {isa = PBXBuildFile; fileRef = 7494372C1D4FCFF30050D52F /* UserBeenHereTableViewCell.swift */; };
		749437311D50102A0050D52F /* UserWantToGoTableViewCell.swift in Sources */ = {isa = PBXBuildFile; fileRef = 749437301D50102A0050D52F /* UserWantToGoTableViewCell.swift */; };
		74A984541D4197B50051CBE2 /* FBSDKCoreKit.framework in Frameworks */ = {isa = PBXBuildFile; fileRef = 74A984521D4197B50051CBE2 /* FBSDKCoreKit.framework */; };
		74A984551D4197B50051CBE2 /* FBSDKLoginKit.framework in Frameworks */ = {isa = PBXBuildFile; fileRef = 74A984531D4197B50051CBE2 /* FBSDKLoginKit.framework */; };
		74A9845D1D47CB5C0051CBE2 /* PanoramaView.swift in Sources */ = {isa = PBXBuildFile; fileRef = 74A9845C1D47CB5C0051CBE2 /* PanoramaView.swift */; };
		74A9845F1D47CBEE0051CBE2 /* PanoramaIndicator.swift in Sources */ = {isa = PBXBuildFile; fileRef = 74A9845E1D47CBEE0051CBE2 /* PanoramaIndicator.swift */; };
		74A984611D47CC7B0051CBE2 /* PanoramaViewController.swift in Sources */ = {isa = PBXBuildFile; fileRef = 74A984601D47CC7B0051CBE2 /* PanoramaViewController.swift */; };
		74A984651D481DC20051CBE2 /* Arrow Left.png in Resources */ = {isa = PBXBuildFile; fileRef = 74A984641D481DC20051CBE2 /* Arrow Left.png */; };
		74D084751D53BB8400D44BE8 /* userPlaceholder.png in Resources */ = {isa = PBXBuildFile; fileRef = 74D084741D53BB8400D44BE8 /* userPlaceholder.png */; };
		74D0847A1D53BDA600D44BE8 /* wantToGoPressed.png in Resources */ = {isa = PBXBuildFile; fileRef = 74D084761D53BDA600D44BE8 /* wantToGoPressed.png */; };
		74D0847B1D53BDA600D44BE8 /* wantToGo.png in Resources */ = {isa = PBXBuildFile; fileRef = 74D084771D53BDA600D44BE8 /* wantToGo.png */; };
		74D0847C1D53BDA600D44BE8 /* beenHerePressed.png in Resources */ = {isa = PBXBuildFile; fileRef = 74D084781D53BDA600D44BE8 /* beenHerePressed.png */; };
		74D0847D1D53BDA600D44BE8 /* beenHere.png in Resources */ = {isa = PBXBuildFile; fileRef = 74D084791D53BDA600D44BE8 /* beenHere.png */; };
		74D6E6CA1D3ECBDC000B958D /* PlacePostViewController.swift in Sources */ = {isa = PBXBuildFile; fileRef = 74D6E6C91D3ECBDC000B958D /* PlacePostViewController.swift */; };
		74F84B331D3D76140096216F /* ListOfPlacesViewController.swift in Sources */ = {isa = PBXBuildFile; fileRef = 74F84B321D3D76140096216F /* ListOfPlacesViewController.swift */; };
		74F84B351D3D81CB0096216F /* DisplayPlace.swift in Sources */ = {isa = PBXBuildFile; fileRef = 74F84B341D3D81CB0096216F /* DisplayPlace.swift */; };
		74F84B371D3D85890096216F /* PlacesTableViewCell.swift in Sources */ = {isa = PBXBuildFile; fileRef = 74F84B361D3D85890096216F /* PlacesTableViewCell.swift */; };
		AC07AD2E1719E15E988B9E35 /* Pods_Plasit.framework in Frameworks */ = {isa = PBXBuildFile; fileRef = 72F95D8490FCAFDEE5FB5B5F /* Pods_Plasit.framework */; };
/* End PBXBuildFile section */

/* Begin PBXFileReference section */
		48596CF4078AF5204F5B211F /* Pods-Plasit.release.xcconfig */ = {isa = PBXFileReference; includeInIndex = 1; lastKnownFileType = text.xcconfig; name = "Pods-Plasit.release.xcconfig"; path = "Pods/Target Support Files/Pods-Plasit/Pods-Plasit.release.xcconfig"; sourceTree = "<group>"; };
		67922F7312DBDB4DB22B9590 /* Pods-Plasit.debug.xcconfig */ = {isa = PBXFileReference; includeInIndex = 1; lastKnownFileType = text.xcconfig; name = "Pods-Plasit.debug.xcconfig"; path = "Pods/Target Support Files/Pods-Plasit/Pods-Plasit.debug.xcconfig"; sourceTree = "<group>"; };
		72F95D8490FCAFDEE5FB5B5F /* Pods_Plasit.framework */ = {isa = PBXFileReference; explicitFileType = wrapper.framework; includeInIndex = 0; path = Pods_Plasit.framework; sourceTree = BUILT_PRODUCTS_DIR; };
		740324F71D395DFC00AE0280 /* DisplayCategory.swift */ = {isa = PBXFileReference; fileEncoding = 4; lastKnownFileType = sourcecode.swift; path = DisplayCategory.swift; sourceTree = "<group>"; };
		740324FA1D399FAF00AE0280 /* CategoriesTableViewCell.swift */ = {isa = PBXFileReference; fileEncoding = 4; lastKnownFileType = sourcecode.swift; path = CategoriesTableViewCell.swift; sourceTree = "<group>"; };
		7412B6601D5557B7006A4E93 /* beenHerePlaceHolderImage.jpg */ = {isa = PBXFileReference; lastKnownFileType = image.jpeg; name = beenHerePlaceHolderImage.jpg; path = Assets.xcassets/beenHerePlaceHolderImage.jpg; sourceTree = "<group>"; };
		7412B6611D5557B7006A4E93 /* wantToGoPlaceholderImage.jpg */ = {isa = PBXFileReference; lastKnownFileType = image.jpeg; name = wantToGoPlaceholderImage.jpg; path = Assets.xcassets/wantToGoPlaceholderImage.jpg; sourceTree = "<group>"; };
		744C90B71D384104009B6922 /* Podfile */ = {isa = PBXFileReference; fileEncoding = 4; lastKnownFileType = text; path = Podfile; sourceTree = "<group>"; xcLanguageSpecificationIdentifier = xcode.lang.ruby; };
		746B08CC1D37F2180056103F /* Plasit.app */ = {isa = PBXFileReference; explicitFileType = wrapper.application; includeInIndex = 0; path = Plasit.app; sourceTree = BUILT_PRODUCTS_DIR; };
		746B08CF1D37F2180056103F /* AppDelegate.swift */ = {isa = PBXFileReference; lastKnownFileType = sourcecode.swift; path = AppDelegate.swift; sourceTree = "<group>"; };
		746B08D41D37F2180056103F /* Base */ = {isa = PBXFileReference; lastKnownFileType = file.storyboard; name = Base; path = Base.lproj/Main.storyboard; sourceTree = "<group>"; };
		746B08D61D37F2180056103F /* Assets.xcassets */ = {isa = PBXFileReference; lastKnownFileType = folder.assetcatalog; path = Assets.xcassets; sourceTree = "<group>"; };
		746B08D91D37F2180056103F /* Base */ = {isa = PBXFileReference; lastKnownFileType = file.storyboard; name = Base; path = Base.lproj/LaunchScreen.storyboard; sourceTree = "<group>"; };
		746B08DB1D37F2180056103F /* Info.plist */ = {isa = PBXFileReference; lastKnownFileType = text.plist.xml; path = Info.plist; sourceTree = "<group>"; };
		746B08E11D37F4B30056103F /* Earth.png */ = {isa = PBXFileReference; lastKnownFileType = image.png; name = Earth.png; path = Assets.xcassets/Earth.png; sourceTree = "<group>"; };
		746B08E21D37F4B30056103F /* Earth@2x.png */ = {isa = PBXFileReference; lastKnownFileType = image.png; name = "Earth@2x.png"; path = "Assets.xcassets/Earth@2x.png"; sourceTree = "<group>"; };
		746B08E31D37F4B30056103F /* Earth@3x.png */ = {isa = PBXFileReference; lastKnownFileType = image.png; name = "Earth@3x.png"; path = "Assets.xcassets/Earth@3x.png"; sourceTree = "<group>"; };
		746B08EE1D37F8290056103F /* ListOfCategoriesViewController.swift */ = {isa = PBXFileReference; fileEncoding = 4; lastKnownFileType = sourcecode.swift; path = ListOfCategoriesViewController.swift; sourceTree = "<group>"; };
		747DE8AA1D38393300DAB531 /* ProfilePageViewController.swift */ = {isa = PBXFileReference; fileEncoding = 4; lastKnownFileType = sourcecode.swift; path = ProfilePageViewController.swift; sourceTree = "<group>"; };
		749437241D4C108B0050D52F /* UserBeenHereViewController.swift */ = {isa = PBXFileReference; fileEncoding = 4; lastKnownFileType = sourcecode.swift; path = UserBeenHereViewController.swift; sourceTree = "<group>"; };
		749437261D4C109F0050D52F /* UserWantToGoViewController.swift */ = {isa = PBXFileReference; fileEncoding = 4; lastKnownFileType = sourcecode.swift; path = UserWantToGoViewController.swift; sourceTree = "<group>"; };
		7494372C1D4FCFF30050D52F /* UserBeenHereTableViewCell.swift */ = {isa = PBXFileReference; fileEncoding = 4; lastKnownFileType = sourcecode.swift; path = UserBeenHereTableViewCell.swift; sourceTree = "<group>"; };
		749437301D50102A0050D52F /* UserWantToGoTableViewCell.swift */ = {isa = PBXFileReference; fileEncoding = 4; lastKnownFileType = sourcecode.swift; path = UserWantToGoTableViewCell.swift; sourceTree = "<group>"; };
		74A984521D4197B50051CBE2 /* FBSDKCoreKit.framework */ = {isa = PBXFileReference; lastKnownFileType = wrapper.framework; name = FBSDKCoreKit.framework; path = Framework/FBSDKCoreKit.framework; sourceTree = "<group>"; };
		74A984531D4197B50051CBE2 /* FBSDKLoginKit.framework */ = {isa = PBXFileReference; lastKnownFileType = wrapper.framework; name = FBSDKLoginKit.framework; path = Framework/FBSDKLoginKit.framework; sourceTree = "<group>"; };
		74A984561D419B1D0051CBE2 /* Plasit-Bridging-Header.h */ = {isa = PBXFileReference; lastKnownFileType = sourcecode.c.h; path = "Plasit-Bridging-Header.h"; sourceTree = "<group>"; };
		74A9845C1D47CB5C0051CBE2 /* PanoramaView.swift */ = {isa = PBXFileReference; fileEncoding = 4; lastKnownFileType = sourcecode.swift; path = PanoramaView.swift; sourceTree = "<group>"; };
		74A9845E1D47CBEE0051CBE2 /* PanoramaIndicator.swift */ = {isa = PBXFileReference; fileEncoding = 4; lastKnownFileType = sourcecode.swift; path = PanoramaIndicator.swift; sourceTree = "<group>"; };
		74A984601D47CC7B0051CBE2 /* PanoramaViewController.swift */ = {isa = PBXFileReference; fileEncoding = 4; lastKnownFileType = sourcecode.swift; path = PanoramaViewController.swift; sourceTree = "<group>"; };
		74A984641D481DC20051CBE2 /* Arrow Left.png */ = {isa = PBXFileReference; lastKnownFileType = image.png; name = "Arrow Left.png"; path = "Assets.xcassets/Arrow Left.png"; sourceTree = "<group>"; };
		74D084741D53BB8400D44BE8 /* userPlaceholder.png */ = {isa = PBXFileReference; lastKnownFileType = image.png; name = userPlaceholder.png; path = Assets.xcassets/userPlaceholder.png; sourceTree = "<group>"; };
		74D084761D53BDA600D44BE8 /* wantToGoPressed.png */ = {isa = PBXFileReference; lastKnownFileType = image.png; name = wantToGoPressed.png; path = Assets.xcassets/wantToGoPressed.png; sourceTree = "<group>"; };
		74D084771D53BDA600D44BE8 /* wantToGo.png */ = {isa = PBXFileReference; lastKnownFileType = image.png; name = wantToGo.png; path = Assets.xcassets/wantToGo.png; sourceTree = "<group>"; };
		74D084781D53BDA600D44BE8 /* beenHerePressed.png */ = {isa = PBXFileReference; lastKnownFileType = image.png; name = beenHerePressed.png; path = Assets.xcassets/beenHerePressed.png; sourceTree = "<group>"; };
		74D084791D53BDA600D44BE8 /* beenHere.png */ = {isa = PBXFileReference; lastKnownFileType = image.png; name = beenHere.png; path = Assets.xcassets/beenHere.png; sourceTree = "<group>"; };
		74D6E6C91D3ECBDC000B958D /* PlacePostViewController.swift */ = {isa = PBXFileReference; fileEncoding = 4; lastKnownFileType = sourcecode.swift; path = PlacePostViewController.swift; sourceTree = "<group>"; };
		74F84B321D3D76140096216F /* ListOfPlacesViewController.swift */ = {isa = PBXFileReference; fileEncoding = 4; lastKnownFileType = sourcecode.swift; path = ListOfPlacesViewController.swift; sourceTree = "<group>"; };
		74F84B341D3D81CB0096216F /* DisplayPlace.swift */ = {isa = PBXFileReference; fileEncoding = 4; lastKnownFileType = sourcecode.swift; path = DisplayPlace.swift; sourceTree = "<group>"; };
		74F84B361D3D85890096216F /* PlacesTableViewCell.swift */ = {isa = PBXFileReference; fileEncoding = 4; lastKnownFileType = sourcecode.swift; path = PlacesTableViewCell.swift; sourceTree = "<group>"; };
/* End PBXFileReference section */

/* Begin PBXFrameworksBuildPhase section */
		746B08C91D37F2180056103F /* Frameworks */ = {
			isa = PBXFrameworksBuildPhase;
			buildActionMask = 2147483647;
			files = (
				AC07AD2E1719E15E988B9E35 /* Pods_Plasit.framework in Frameworks */,
				74A984541D4197B50051CBE2 /* FBSDKCoreKit.framework in Frameworks */,
				74A984551D4197B50051CBE2 /* FBSDKLoginKit.framework in Frameworks */,
			);
			runOnlyForDeploymentPostprocessing = 0;
		};
/* End PBXFrameworksBuildPhase section */

/* Begin PBXGroup section */
		26E686E081FF646F46E8F9DC /* Pods */ = {
			isa = PBXGroup;
			children = (
				67922F7312DBDB4DB22B9590 /* Pods-Plasit.debug.xcconfig */,
				48596CF4078AF5204F5B211F /* Pods-Plasit.release.xcconfig */,
			);
			name = Pods;
			sourceTree = "<group>";
		};
		740324F91D399F8F00AE0280 /* Views */ = {
			isa = PBXGroup;
			children = (
				740324FA1D399FAF00AE0280 /* CategoriesTableViewCell.swift */,
				74F84B361D3D85890096216F /* PlacesTableViewCell.swift */,
				74A9845C1D47CB5C0051CBE2 /* PanoramaView.swift */,
				74A9845E1D47CBEE0051CBE2 /* PanoramaIndicator.swift */,
				7494372C1D4FCFF30050D52F /* UserBeenHereTableViewCell.swift */,
				749437301D50102A0050D52F /* UserWantToGoTableViewCell.swift */,
			);
			name = Views;
			sourceTree = "<group>";
		};
		746B08C31D37F2180056103F = {
			isa = PBXGroup;
			children = (
				744C90B71D384104009B6922 /* Podfile */,
				746B08CE1D37F2180056103F /* Plasit */,
				746B08CD1D37F2180056103F /* Products */,
				26E686E081FF646F46E8F9DC /* Pods */,
				D41E13D272C26749D856E66A /* Frameworks */,
			);
			sourceTree = "<group>";
		};
		746B08CD1D37F2180056103F /* Products */ = {
			isa = PBXGroup;
			children = (
				746B08CC1D37F2180056103F /* Plasit.app */,
			);
			name = Products;
			sourceTree = "<group>";
		};
		746B08CE1D37F2180056103F /* Plasit */ = {
			isa = PBXGroup;
			children = (
				740324F91D399F8F00AE0280 /* Views */,
				74CB65341D3852A000F5A54A /* Models */,
				746B08F21D37F8A40056103F /* ViewControllers */,
				746B08CF1D37F2180056103F /* AppDelegate.swift */,
				746B08D31D37F2180056103F /* Main.storyboard */,
				746B08D61D37F2180056103F /* Assets.xcassets */,
				746B08D81D37F2180056103F /* LaunchScreen.storyboard */,
				746B08DB1D37F2180056103F /* Info.plist */,
				746B08ED1D37F4CF0056103F /* UI icons */,
				74A984561D419B1D0051CBE2 /* Plasit-Bridging-Header.h */,
			);
			path = Plasit;
			sourceTree = "<group>";
		};
		746B08ED1D37F4CF0056103F /* UI icons */ = {
			isa = PBXGroup;
			children = (
				7412B6601D5557B7006A4E93 /* beenHerePlaceHolderImage.jpg */,
				7412B6611D5557B7006A4E93 /* wantToGoPlaceholderImage.jpg */,
				74D084761D53BDA600D44BE8 /* wantToGoPressed.png */,
				74D084771D53BDA600D44BE8 /* wantToGo.png */,
				74D084781D53BDA600D44BE8 /* beenHerePressed.png */,
				74D084791D53BDA600D44BE8 /* beenHere.png */,
				74D084741D53BB8400D44BE8 /* userPlaceholder.png */,
				74A984641D481DC20051CBE2 /* Arrow Left.png */,
				746B08E11D37F4B30056103F /* Earth.png */,
				746B08E21D37F4B30056103F /* Earth@2x.png */,
				746B08E31D37F4B30056103F /* Earth@3x.png */,
			);
			name = "UI icons";
			sourceTree = "<group>";
		};
		746B08F21D37F8A40056103F /* ViewControllers */ = {
			isa = PBXGroup;
			children = (
				746B08EE1D37F8290056103F /* ListOfCategoriesViewController.swift */,
				74F84B321D3D76140096216F /* ListOfPlacesViewController.swift */,
				74D6E6C91D3ECBDC000B958D /* PlacePostViewController.swift */,
				74A984601D47CC7B0051CBE2 /* PanoramaViewController.swift */,
				747DE8AA1D38393300DAB531 /* ProfilePageViewController.swift */,
				749437241D4C108B0050D52F /* UserBeenHereViewController.swift */,
				749437261D4C109F0050D52F /* UserWantToGoViewController.swift */,
			);
			name = ViewControllers;
			sourceTree = "<group>";
		};
		74CB65341D3852A000F5A54A /* Models */ = {
			isa = PBXGroup;
			children = (
				740324F71D395DFC00AE0280 /* DisplayCategory.swift */,
				74F84B341D3D81CB0096216F /* DisplayPlace.swift */,
			);
			name = Models;
			sourceTree = "<group>";
		};
		D41E13D272C26749D856E66A /* Frameworks */ = {
			isa = PBXGroup;
			children = (
				74A984521D4197B50051CBE2 /* FBSDKCoreKit.framework */,
				74A984531D4197B50051CBE2 /* FBSDKLoginKit.framework */,
				72F95D8490FCAFDEE5FB5B5F /* Pods_Plasit.framework */,
			);
			name = Frameworks;
			sourceTree = "<group>";
		};
/* End PBXGroup section */

/* Begin PBXNativeTarget section */
		746B08CB1D37F2180056103F /* Plasit */ = {
			isa = PBXNativeTarget;
			buildConfigurationList = 746B08DE1D37F2180056103F /* Build configuration list for PBXNativeTarget "Plasit" */;
			buildPhases = (
				B4DB351EEF4A12ED9F4F1123 /* [CP] Check Pods Manifest.lock */,
				746B08C81D37F2180056103F /* Sources */,
				746B08C91D37F2180056103F /* Frameworks */,
				746B08CA1D37F2180056103F /* Resources */,
				44F410F95EF3BA3EF38996B1 /* [CP] Embed Pods Frameworks */,
				45287B7A58FEF9EE8FE20640 /* [CP] Copy Pods Resources */,
			);
			buildRules = (
			);
			dependencies = (
			);
			name = Plasit;
			productName = Plasit;
			productReference = 746B08CC1D37F2180056103F /* Plasit.app */;
			productType = "com.apple.product-type.application";
		};
/* End PBXNativeTarget section */

/* Begin PBXProject section */
		746B08C41D37F2180056103F /* Project object */ = {
			isa = PBXProject;
			attributes = {
				LastSwiftUpdateCheck = 0730;
				LastUpgradeCheck = 0730;
				ORGANIZATIONNAME = Nurzhan;
				TargetAttributes = {
					746B08CB1D37F2180056103F = {
						CreatedOnToolsVersion = 7.3.1;
						DevelopmentTeam = 2CTMX86W25;
					};
				};
			};
			buildConfigurationList = 746B08C71D37F2180056103F /* Build configuration list for PBXProject "Plasit" */;
			compatibilityVersion = "Xcode 3.2";
			developmentRegion = English;
			hasScannedForEncodings = 0;
			knownRegions = (
				en,
				Base,
			);
			mainGroup = 746B08C31D37F2180056103F;
			productRefGroup = 746B08CD1D37F2180056103F /* Products */;
			projectDirPath = "";
			projectRoot = "";
			targets = (
				746B08CB1D37F2180056103F /* Plasit */,
			);
		};
/* End PBXProject section */

/* Begin PBXResourcesBuildPhase section */
		746B08CA1D37F2180056103F /* Resources */ = {
			isa = PBXResourcesBuildPhase;
			buildActionMask = 2147483647;
			files = (
				74D0847D1D53BDA600D44BE8 /* beenHere.png in Resources */,
				744C90B81D384104009B6922 /* Podfile in Resources */,
				746B08E81D37F4B30056103F /* Earth@2x.png in Resources */,
				74D0847B1D53BDA600D44BE8 /* wantToGo.png in Resources */,
				746B08E71D37F4B30056103F /* Earth.png in Resources */,
				7412B6621D5557B7006A4E93 /* beenHerePlaceHolderImage.jpg in Resources */,
				746B08E91D37F4B30056103F /* Earth@3x.png in Resources */,
				74D084751D53BB8400D44BE8 /* userPlaceholder.png in Resources */,
				74D0847C1D53BDA600D44BE8 /* beenHerePressed.png in Resources */,
				746B08DA1D37F2180056103F /* LaunchScreen.storyboard in Resources */,
				746B08D71D37F2180056103F /* Assets.xcassets in Resources */,
				74D0847A1D53BDA600D44BE8 /* wantToGoPressed.png in Resources */,
				746B08D51D37F2180056103F /* Main.storyboard in Resources */,
				74A984651D481DC20051CBE2 /* Arrow Left.png in Resources */,
				7412B6631D5557B7006A4E93 /* wantToGoPlaceholderImage.jpg in Resources */,
			);
			runOnlyForDeploymentPostprocessing = 0;
		};
/* End PBXResourcesBuildPhase section */

/* Begin PBXShellScriptBuildPhase section */
		44F410F95EF3BA3EF38996B1 /* [CP] Embed Pods Frameworks */ = {
			isa = PBXShellScriptBuildPhase;
			buildActionMask = 2147483647;
			files = (
			);
			inputPaths = (
			);
			name = "[CP] Embed Pods Frameworks";
			outputPaths = (
			);
			runOnlyForDeploymentPostprocessing = 0;
			shellPath = /bin/sh;
			shellScript = "\"${SRCROOT}/Pods/Target Support Files/Pods-Plasit/Pods-Plasit-frameworks.sh\"\n";
			showEnvVarsInLog = 0;
		};
		45287B7A58FEF9EE8FE20640 /* [CP] Copy Pods Resources */ = {
			isa = PBXShellScriptBuildPhase;
			buildActionMask = 2147483647;
			files = (
			);
			inputPaths = (
			);
			name = "[CP] Copy Pods Resources";
			outputPaths = (
			);
			runOnlyForDeploymentPostprocessing = 0;
			shellPath = /bin/sh;
			shellScript = "\"${SRCROOT}/Pods/Target Support Files/Pods-Plasit/Pods-Plasit-resources.sh\"\n";
			showEnvVarsInLog = 0;
		};
		B4DB351EEF4A12ED9F4F1123 /* [CP] Check Pods Manifest.lock */ = {
			isa = PBXShellScriptBuildPhase;
			buildActionMask = 2147483647;
			files = (
			);
			inputPaths = (
			);
			name = "[CP] Check Pods Manifest.lock";
			outputPaths = (
			);
			runOnlyForDeploymentPostprocessing = 0;
			shellPath = /bin/sh;
			shellScript = "diff \"${PODS_ROOT}/../Podfile.lock\" \"${PODS_ROOT}/Manifest.lock\" > /dev/null\nif [[ $? != 0 ]] ; then\n    cat << EOM\nerror: The sandbox is not in sync with the Podfile.lock. Run 'pod install' or update your CocoaPods installation.\nEOM\n    exit 1\nfi\n";
			showEnvVarsInLog = 0;
		};
/* End PBXShellScriptBuildPhase section */

/* Begin PBXSourcesBuildPhase section */
		746B08C81D37F2180056103F /* Sources */ = {
			isa = PBXSourcesBuildPhase;
			buildActionMask = 2147483647;
			files = (
				749437271D4C109F0050D52F /* UserWantToGoViewController.swift in Sources */,
				74F84B331D3D76140096216F /* ListOfPlacesViewController.swift in Sources */,
				749437251D4C108B0050D52F /* UserBeenHereViewController.swift in Sources */,
				740324FB1D399FAF00AE0280 /* CategoriesTableViewCell.swift in Sources */,
				746B08D01D37F2180056103F /* AppDelegate.swift in Sources */,
				74A9845D1D47CB5C0051CBE2 /* PanoramaView.swift in Sources */,
				74D6E6CA1D3ECBDC000B958D /* PlacePostViewController.swift in Sources */,
				74F84B371D3D85890096216F /* PlacesTableViewCell.swift in Sources */,
				746B08EF1D37F8290056103F /* ListOfCategoriesViewController.swift in Sources */,
				747DE8AB1D38393300DAB531 /* ProfilePageViewController.swift in Sources */,
				74A984611D47CC7B0051CBE2 /* PanoramaViewController.swift in Sources */,
				74F84B351D3D81CB0096216F /* DisplayPlace.swift in Sources */,
				74A9845F1D47CBEE0051CBE2 /* PanoramaIndicator.swift in Sources */,
				7494372D1D4FCFF30050D52F /* UserBeenHereTableViewCell.swift in Sources */,
				740324F81D395DFC00AE0280 /* DisplayCategory.swift in Sources */,
				749437311D50102A0050D52F /* UserWantToGoTableViewCell.swift in Sources */,
			);
			runOnlyForDeploymentPostprocessing = 0;
		};
/* End PBXSourcesBuildPhase section */

/* Begin PBXVariantGroup section */
		746B08D31D37F2180056103F /* Main.storyboard */ = {
			isa = PBXVariantGroup;
			children = (
				746B08D41D37F2180056103F /* Base */,
			);
			name = Main.storyboard;
			sourceTree = "<group>";
		};
		746B08D81D37F2180056103F /* LaunchScreen.storyboard */ = {
			isa = PBXVariantGroup;
			children = (
				746B08D91D37F2180056103F /* Base */,
			);
			name = LaunchScreen.storyboard;
			sourceTree = "<group>";
		};
/* End PBXVariantGroup section */

/* Begin XCBuildConfiguration section */
		746B08DC1D37F2180056103F /* Debug */ = {
			isa = XCBuildConfiguration;
			buildSettings = {
				ALWAYS_SEARCH_USER_PATHS = NO;
				CLANG_ANALYZER_NONNULL = YES;
				CLANG_CXX_LANGUAGE_STANDARD = "gnu++0x";
				CLANG_CXX_LIBRARY = "libc++";
				CLANG_ENABLE_MODULES = YES;
				CLANG_ENABLE_OBJC_ARC = YES;
				CLANG_WARN_BOOL_CONVERSION = YES;
				CLANG_WARN_CONSTANT_CONVERSION = YES;
				CLANG_WARN_DIRECT_OBJC_ISA_USAGE = YES_ERROR;
				CLANG_WARN_EMPTY_BODY = YES;
				CLANG_WARN_ENUM_CONVERSION = YES;
				CLANG_WARN_INT_CONVERSION = YES;
				CLANG_WARN_OBJC_ROOT_CLASS = YES_ERROR;
				CLANG_WARN_UNREACHABLE_CODE = YES;
				CLANG_WARN__DUPLICATE_METHOD_MATCH = YES;
				"CODE_SIGN_IDENTITY[sdk=iphoneos*]" = "iPhone Developer";
				COPY_PHASE_STRIP = NO;
				DEBUG_INFORMATION_FORMAT = dwarf;
				ENABLE_STRICT_OBJC_MSGSEND = YES;
				ENABLE_TESTABILITY = YES;
				GCC_C_LANGUAGE_STANDARD = gnu99;
				GCC_DYNAMIC_NO_PIC = NO;
				GCC_NO_COMMON_BLOCKS = YES;
				GCC_OPTIMIZATION_LEVEL = 0;
				GCC_PREPROCESSOR_DEFINITIONS = (
					"DEBUG=1",
					"$(inherited)",
				);
				GCC_WARN_64_TO_32_BIT_CONVERSION = YES;
				GCC_WARN_ABOUT_RETURN_TYPE = YES_ERROR;
				GCC_WARN_UNDECLARED_SELECTOR = YES;
				GCC_WARN_UNINITIALIZED_AUTOS = YES_AGGRESSIVE;
				GCC_WARN_UNUSED_FUNCTION = YES;
				GCC_WARN_UNUSED_VARIABLE = YES;
				IPHONEOS_DEPLOYMENT_TARGET = 9.3;
				MTL_ENABLE_DEBUG_INFO = YES;
				ONLY_ACTIVE_ARCH = YES;
				SDKROOT = iphoneos;
				SWIFT_OPTIMIZATION_LEVEL = "-Onone";
				TARGETED_DEVICE_FAMILY = "1,2";
			};
			name = Debug;
		};
		746B08DD1D37F2180056103F /* Release */ = {
			isa = XCBuildConfiguration;
			buildSettings = {
				ALWAYS_SEARCH_USER_PATHS = NO;
				CLANG_ANALYZER_NONNULL = YES;
				CLANG_CXX_LANGUAGE_STANDARD = "gnu++0x";
				CLANG_CXX_LIBRARY = "libc++";
				CLANG_ENABLE_MODULES = YES;
				CLANG_ENABLE_OBJC_ARC = YES;
				CLANG_WARN_BOOL_CONVERSION = YES;
				CLANG_WARN_CONSTANT_CONVERSION = YES;
				CLANG_WARN_DIRECT_OBJC_ISA_USAGE = YES_ERROR;
				CLANG_WARN_EMPTY_BODY = YES;
				CLANG_WARN_ENUM_CONVERSION = YES;
				CLANG_WARN_INT_CONVERSION = YES;
				CLANG_WARN_OBJC_ROOT_CLASS = YES_ERROR;
				CLANG_WARN_UNREACHABLE_CODE = YES;
				CLANG_WARN__DUPLICATE_METHOD_MATCH = YES;
				"CODE_SIGN_IDENTITY[sdk=iphoneos*]" = "iPhone Developer";
				COPY_PHASE_STRIP = NO;
				DEBUG_INFORMATION_FORMAT = "dwarf-with-dsym";
				ENABLE_NS_ASSERTIONS = NO;
				ENABLE_STRICT_OBJC_MSGSEND = YES;
				GCC_C_LANGUAGE_STANDARD = gnu99;
				GCC_NO_COMMON_BLOCKS = YES;
				GCC_WARN_64_TO_32_BIT_CONVERSION = YES;
				GCC_WARN_ABOUT_RETURN_TYPE = YES_ERROR;
				GCC_WARN_UNDECLARED_SELECTOR = YES;
				GCC_WARN_UNINITIALIZED_AUTOS = YES_AGGRESSIVE;
				GCC_WARN_UNUSED_FUNCTION = YES;
				GCC_WARN_UNUSED_VARIABLE = YES;
				IPHONEOS_DEPLOYMENT_TARGET = 9.3;
				MTL_ENABLE_DEBUG_INFO = NO;
				SDKROOT = iphoneos;
				TARGETED_DEVICE_FAMILY = "1,2";
				VALIDATE_PRODUCT = YES;
			};
			name = Release;
		};
		746B08DF1D37F2180056103F /* Debug */ = {
			isa = XCBuildConfiguration;
			baseConfigurationReference = 67922F7312DBDB4DB22B9590 /* Pods-Plasit.debug.xcconfig */;
			buildSettings = {
				ASSETCATALOG_COMPILER_APPICON_NAME = AppIcon;
				CLANG_ENABLE_MODULES = YES;
				CODE_SIGN_IDENTITY = "iPhone Developer";
				"CODE_SIGN_IDENTITY[sdk=iphoneos*]" = "iPhone Developer";
				FRAMEWORK_SEARCH_PATHS = (
					"$(inherited)",
					"$(PROJECT_DIR)/Framework",
				);
				INFOPLIST_FILE = Plasit/Info.plist;
				IPHONEOS_DEPLOYMENT_TARGET = 9.0;
				LD_RUNPATH_SEARCH_PATHS = "$(inherited) @executable_path/Frameworks";
				PRODUCT_BUNDLE_IDENTIFIER = me.nurzhan.MyPlasitApp1;
				PRODUCT_NAME = "$(TARGET_NAME)";
				PROVISIONING_PROFILE = "";
				SWIFT_OBJC_BRIDGING_HEADER = "Plasit/Plasit-Bridging-Header.h";
				SWIFT_OPTIMIZATION_LEVEL = "-Onone";
			};
			name = Debug;
		};
		746B08E01D37F2180056103F /* Release */ = {
			isa = XCBuildConfiguration;
			baseConfigurationReference = 48596CF4078AF5204F5B211F /* Pods-Plasit.release.xcconfig */;
			buildSettings = {
				ASSETCATALOG_COMPILER_APPICON_NAME = AppIcon;
				CLANG_ENABLE_MODULES = YES;
				CODE_SIGN_IDENTITY = "iPhone Developer";
				"CODE_SIGN_IDENTITY[sdk=iphoneos*]" = "iPhone Developer";
				FRAMEWORK_SEARCH_PATHS = (
					"$(inherited)",
					"$(PROJECT_DIR)/Framework",
				);
				INFOPLIST_FILE = Plasit/Info.plist;
				IPHONEOS_DEPLOYMENT_TARGET = 9.0;
				LD_RUNPATH_SEARCH_PATHS = "$(inherited) @executable_path/Frameworks";
				PRODUCT_BUNDLE_IDENTIFIER = me.nurzhan.MyPlasitApp1;
				PRODUCT_NAME = "$(TARGET_NAME)";
				PROVISIONING_PROFILE = "";
				SWIFT_OBJC_BRIDGING_HEADER = "Plasit/Plasit-Bridging-Header.h";
			};
			name = Release;
		};
/* End XCBuildConfiguration section */

/* Begin XCConfigurationList section */
		746B08C71D37F2180056103F /* Build configuration list for PBXProject "Plasit" */ = {
			isa = XCConfigurationList;
			buildConfigurations = (
				746B08DC1D37F2180056103F /* Debug */,
				746B08DD1D37F2180056103F /* Release */,
			);
			defaultConfigurationIsVisible = 0;
			defaultConfigurationName = Release;
		};
		746B08DE1D37F2180056103F /* Build configuration list for PBXNativeTarget "Plasit" */ = {
			isa = XCConfigurationList;
			buildConfigurations = (
				746B08DF1D37F2180056103F /* Debug */,
				746B08E01D37F2180056103F /* Release */,
			);
			defaultConfigurationIsVisible = 0;
			defaultConfigurationName = Release;
		};
/* End XCConfigurationList section */
	};
	rootObject = 746B08C41D37F2180056103F /* Project object */;
}
